
Microsoft Visual Studio Solution File, Format Version 12.00
# Visual Studio Version 17
VisualStudioVersion = 17.4.33205.214
MinimumVisualStudioVersion = 10.0.40219.1
Project("{FAE04EC0-301F-11D3-BF4B-00C04F79EFBC}") = "SampleNETCoreWebApp", "SampleNETCoreWebApp\SampleNETCoreWebApp.csproj", "{739BB185-152A-420B-A331-5A3F9D5AC2D6}"
EndProject
Global
	GlobalSection(SolutionConfigurationPlatforms) = preSolution
		Debug|Any CPU = Debug|Any CPU
		Release|Any CPU = Release|Any CPU
	EndGlobalSection
	GlobalSection(ProjectConfigurationPlatforms) = postSolution
		{739BB185-152A-420B-A331-5A3F9D5AC2D6}.Debug|Any CPU.ActiveCfg = Debug|Any CPU
		{739BB185-152A-420B-A331-5A3F9D5AC2D6}.Debug|Any CPU.Build.0 = Debug|Any CPU
		{739BB185-152A-420B-A331-5A3F9D5AC2D6}.Release|Any CPU.ActiveCfg = Release|Any CPU
		{739BB185-152A-420B-A331-5A3F9D5AC2D6}.Release|Any CPU.Build.0 = Release|Any CPU
	EndGlobalSection
	GlobalSection(SolutionProperties) = preSolution
		HideSolutionNode = FALSE
	EndGlobalSection
	GlobalSection(ExtensibilityGlobals) = postSolution
		SolutionGuid = {C1E48494-E6F1-4827-90CC-83619F6CB54C}
	EndGlobalSection
EndGlobal
